
Microsoft Visual Studio Solution File, Format Version 12.00
# Visual Studio Version 16
VisualStudioVersion = 16.0.31229.75
MinimumVisualStudioVersion = 10.0.40219.1
Project("{9A19103F-16F7-4668-BE54-9A1E7A4F7556}") = "cardgameform", "cardgameform.csproj", "{5BBECF07-E5BC-4AC0-B2A6-1F086D6E4549}"
EndProject
Global
	GlobalSection(SolutionConfigurationPlatforms) = preSolution
		Debug|Any CPU = Debug|Any CPU
		Release|Any CPU = Release|Any CPU
	EndGlobalSection
	GlobalSection(ProjectConfigurationPlatforms) = postSolution
		{5BBECF07-E5BC-4AC0-B2A6-1F086D6E4549}.Debug|Any CPU.ActiveCfg = Debug|Any CPU
		{5BBECF07-E5BC-4AC0-B2A6-1F086D6E4549}.Debug|Any CPU.Build.0 = Debug|Any CPU
		{5BBECF07-E5BC-4AC0-B2A6-1F086D6E4549}.Release|Any CPU.ActiveCfg = Release|Any CPU
		{5BBECF07-E5BC-4AC0-B2A6-1F086D6E4549}.Release|Any CPU.Build.0 = Release|Any CPU
	EndGlobalSection
	GlobalSection(SolutionProperties) = preSolution
		HideSolutionNode = FALSE
	EndGlobalSection
	GlobalSection(ExtensibilityGlobals) = postSolution
		SolutionGuid = {36CAD3B4-7D37-4C0D-B8E1-EEF8859B3B16}
	EndGlobalSection
EndGlobal
